
Microsoft Visual Studio Solution File, Format Version 12.00
# Visual Studio Version 17
VisualStudioVersion = 17.10.35122.118
MinimumVisualStudioVersion = 10.0.40219.1
Project("{9A19103F-16F7-4668-BE54-9A1E7A4F7556}") = "Crunchy", "Crunchy\Crunchy.csproj", "{A697DEBA-439D-4D5F-A568-BE867E31D4A6}"
EndProject
Global
	GlobalSection(SolutionConfigurationPlatforms) = preSolution
		Debug|Any CPU = Debug|Any CPU
		Release|Any CPU = Release|Any CPU
	EndGlobalSection
	GlobalSection(ProjectConfigurationPlatforms) = postSolution
		{A697DEBA-439D-4D5F-A568-BE867E31D4A6}.Debug|Any CPU.ActiveCfg = Debug|Any CPU
		{A697DEBA-439D-4D5F-A568-BE867E31D4A6}.Debug|Any CPU.Build.0 = Debug|Any CPU
		{A697DEBA-439D-4D5F-A568-BE867E31D4A6}.Release|Any CPU.ActiveCfg = Release|Any CPU
		{A697DEBA-439D-4D5F-A568-BE867E31D4A6}.Release|Any CPU.Build.0 = Release|Any CPU
	EndGlobalSection
	GlobalSection(SolutionProperties) = preSolution
		HideSolutionNode = FALSE
	EndGlobalSection
	GlobalSection(ExtensibilityGlobals) = postSolution
		SolutionGuid = {262EA420-6148-4E0A-9399-353CA4930D83}
	EndGlobalSection
EndGlobal
